# This file is generated by running "yarn install" inside your project.
# Manual changes might be lost - proceed with caution!

__metadata:
  version: 5
  cacheKey: 8

"@privscope/priv-package@npm:^1.0.2":
  version: 1.0.2
  resolution: "@privscope/priv-package@npm:1.0.2"
  checksum: c20f35eae06f0a7dc120d4d9fbcc26a4b73dfb8086b529014f9fb15727a82fb15e26415b67875fab8f4235a953097ea1b4313cadc24b2bfad13bf0db7510b5cd
  languageName: node
  linkType: hard

"jquery@npm:^2.1.2":
  version: 2.2.4
  resolution: "jquery@npm:2.2.4"
  checksum: dc8b72b50de9b31699314e36d01fa2ed5f9b6cfa09e51c94ad07f3021e04973707247a051e317283ef96d3f10fff7542947f1916bbcbb2d9ecabff99d1a9cd58
  languageName: node
  linkType: hard

"private-scope@workspace:.":
  version: 0.0.0-use.local
  resolution: "private-scope@workspace:."
  dependencies:
    "@privscope/priv-package": ^1.0.2
    jquery: ^2.1.2
  languageName: unknown
  linkType: soft
