# This file is generated by running "yarn install" inside your project.
# Manual changes might be lost - proceed with caution!

__metadata:
  version: 5
  cacheKey: 8

"@privscope/priv-package@npm:^1.0.0":
  version: 1.0.0
  resolution: "@privscope/priv-package@npm:1.0.0"
  checksum: fe0b2642cbe89d160a9a34898c8e7dba09bfdd4096dcb9a066838361505b7051093ac38adf178cd9bf2b7956f40907d0f73772b1aa90d71e572452b753fa4357
  languageName: node
  linkType: hard

"jquery@npm:^2.1.2":
  version: 2.2.4
  resolution: "jquery@npm:2.2.4"
  checksum: dc8b72b50de9b31699314e36d01fa2ed5f9b6cfa09e51c94ad07f3021e04973707247a051e317283ef96d3f10fff7542947f1916bbcbb2d9ecabff99d1a9cd58
  languageName: node
  linkType: hard

"private-scope@workspace:.":
  version: 0.0.0-use.local
  resolution: "private-scope@workspace:."
  dependencies:
    "@privscope/priv-package": ^1.0.0
    jquery: ^2.1.2
  languageName: unknown
  linkType: soft
