# This file is generated by running "yarn install" inside your project.
# Manual changes might be lost - proceed with caution!

__metadata:
  version: 5
  cacheKey: 8

"@privscope/priv-package@npm:^1.0.0":
  version: 1.0.0
  resolution: "@privscope/priv-package@npm:1.0.0"
  checksum: fe0b2642cbe89d160a9a34898c8e7dba09bfdd4096dcb9a066838361505b7051093ac38adf178cd9bf2b7956f40907d0f73772b1aa90d71e572452b753fa4357
  languageName: node
  linkType: hard

"jquery@npm:^3.6.0":
  version: 3.6.0
  resolution: "jquery@npm:3.6.0"
  checksum: 8fd5fef4aa48fd374ec716dd1c1df1af407814a228e15c1260ca140de3a697c2a77c30c54ff1d238b6a3ab4ddc445ddeef9adce6c6d28e4869d85eb9d3951c0e
  languageName: node
  linkType: hard

"private-scope@workspace:.":
  version: 0.0.0-use.local
  resolution: "private-scope@workspace:."
  dependencies:
    "@privscope/priv-package": ^1.0.0
    jquery: ^3.6.0
  languageName: unknown
  linkType: soft
